{
  "name": "alfy",
  "version": "1.0.0",
  "lockfileVersion": 3,
  "requires": true,
  "packages": {
    "": {
      "name": "alfy",
      "version": "1.0.0",
      "license": "ISC",
      "dependencies": {
        "canvas-confetti": "^1.9.4",
        "gsap": "^3.15.0",
        "tsparticles": "^4.4.0",
        "tsparticles-engine": "^2.12.0"
      }
    },
    "node_modules/@tsparticles/animation-utils": {
      "version": "4.4.0",
      "resolved": "https://registry.npmjs.org/@tsparticles/animation-utils/-/animation-utils-4.4.0.tgz",
      "integrity": "sha512-yl4iE9SSuJ2n8B096t/vn4bWN+wWIkDm11OfTsIM3/64bJLB/5T92n6iOm/XLC3r6g8M8XuDi6ntTnpOcwsGxg==",
      "funding": [
        {
          "type": "github",
          "url": "https://github.com/sponsors/matteobruni"
        },
        {
          "type": "github",
          "url": "https://github.com/sponsors/tsparticles"
        },
        {
          "type": "buymeacoffee",
          "url": "https://www.buymeacoffee.com/matteobruni"
        }
      ],
      "license": "MIT",
      "peerDependencies": {
        "@tsparticles/engine": "4.4.0"
      }
    },
    "node_modules/@tsparticles/basic": {
      "version": "4.4.0",
      "resolved": "https://registry.npmjs.org/@tsparticles/basic/-/basic-4.4.0.tgz",
      "integrity": "sha512-lTbKBPzab0alPy+4Wm/xehrVpT1FrpEMaQcTU2eTV0c0G++5/kOINEWkC7GL7/cHovycukxB+tOMYVT54bSprA==",
      "funding": [
        {
          "type": "github",
          "url": "https://github.com/sponsors/matteobruni"
        },
        {
          "type": "github",
          "url": "https://github.com/sponsors/tsparticles"
        },
        {
          "type": "buymeacoffee",
          "url": "https://www.buymeacoffee.com/matteobruni"
        }
      ],
      "license": "MIT",
      "dependencies": {
        "@tsparticles/engine": "4.4.0",
        "@tsparticles/plugin-blend": "4.4.0",
        "@tsparticles/plugin-hex-color": "4.4.0",
        "@tsparticles/plugin-hsl-color": "4.4.0",
        "@tsparticles/plugin-move": "4.4.0",
        "@tsparticles/plugin-rgb-color": "4.4.0",
        "@tsparticles/shape-circle": "4.4.0",
        "@tsparticles/updater-opacity": "4.4.0",
        "@tsparticles/updater-out-modes": "4.4.0",
        "@tsparticles/updater-paint": "4.4.0",
        "@tsparticles/updater-size": "4.4.0"
      }
    },
    "node_modules/@tsparticles/canvas-utils": {
      "version": "4.4.0",
      "resolved": "https://registry.npmjs.org/@tsparticles/canvas-utils/-/canvas-utils-4.4.0.tgz",
      "integrity": "sha512-3zVr95OZ05BExgVYNT8WPqA/wFp83TiEJo66rZCZ/nZd1Ny8UCYLMKBcbUPBvGS2GB87UMK8+ygleZnlFhGTtw==",
      "funding": [
        {
          "type": "github",
          "url": "https://github.com/sponsors/matteobruni"
        },
        {
          "type": "github",
          "url": "https://github.com/sponsors/tsparticles"
        },
        {
          "type": "buymeacoffee",
          "url": "https://www.buymeacoffee.com/matteobruni"
        }
      ],
      "license": "MIT",
      "peerDependencies": {
        "@tsparticles/engine": "4.4.0"
      }
    },
    "node_modules/@tsparticles/engine": {
      "version": "4.4.0",
      "resolved": "https://registry.npmjs.org/@tsparticles/engine/-/engine-4.4.0.tgz",
      "integrity": "sha512-zUDykZ7qBqHYMXr6NveXg51kBlvfaQKMmWkMJ8nT7fC4dXdNayb1+TxOfAoqH9/U/u0Eyr0YE+72ai/ymS0uww==",
      "funding": [
        {
          "type": "github",
          "url": "https://github.com/sponsors/matteobruni"
        },
        {
          "type": "github",
          "url": "https://github.com/sponsors/tsparticles"
        },
        {
          "type": "buymeacoffee",
          "url": "https://www.buymeacoffee.com/matteobruni"
        }
      ],
      "hasInstallScript": true,
      "license": "MIT"
    },
    "node_modules/@tsparticles/interaction-external-attract": {
      "version": "4.4.0",
      "resolved": "https://registry.npmjs.org/@tsparticles/interaction-external-attract/-/interaction-external-attract-4.4.0.tgz",
      "integrity": "sha512-Y7m4M//SC8J/u0mOcNPpA+qDmImeV5O4axqxah3RdbB0NR5IYmyq6y3ipQGCsDiKPjyyin6R2INT+EY/y75r1A==",
      "license": "MIT",
      "peerDependencies": {
        "@tsparticles/engine": "4.4.0",
        "@tsparticles/plugin-interactivity": "4.4.0"
      }
    },
    "node_modules/@tsparticles/interaction-external-bounce": {
      "version": "4.4.0",
      "resolved": "https://registry.npmjs.org/@tsparticles/interaction-external-bounce/-/interaction-external-bounce-4.4.0.tgz",
      "integrity": "sha512-A6FyWC3kyvKFLFSGgPMFVMVTEO9hHrB6lDLO+J0AxvyyYYTbgsu+brY7Yt3kuxEtdZaGmsMtGGfV0Iwe66KspA==",
      "license": "MIT",
      "peerDependencies": {
        "@tsparticles/engine": "4.4.0",
        "@tsparticles/plugin-interactivity": "4.4.0"
      }
    },
    "node_modules/@tsparticles/interaction-external-bubble": {
      "version": "4.4.0",
      "resolved": "https://registry.npmjs.org/@tsparticles/interaction-external-bubble/-/interaction-external-bubble-4.4.0.tgz",
      "integrity": "sha512-/IsCu7uWC4oxRbO0WNd1OTlDEUrSjK1T+qARfxmkh+xYxevS8Zc55+rYqk7TXOjPgYVfFiC8wA6+yigYthHCpg==",
      "license": "MIT",
      "peerDependencies": {
        "@tsparticles/engine": "4.4.0",
        "@tsparticles/plugin-interactivity": "4.4.0"
      }
    },
    "node_modules/@tsparticles/interaction-external-connect": {
      "version": "4.4.0",
      "resolved": "https://registry.npmjs.org/@tsparticles/interaction-external-connect/-/interaction-external-connect-4.4.0.tgz",
      "integrity": "sha512-yPS/XBFWOGKUYo9NTFgcvUKEFg7A0NavTsLPfMLff0BVS5r5ocAvI1UMxCErOSyQPNDb4oAceh9SqldbBI0ELA==",
      "license": "MIT",
      "dependencies": {
        "@tsparticles/canvas-utils": "4.4.0"
      },
      "peerDependencies": {
        "@tsparticles/engine": "4.4.0",
        "@tsparticles/plugin-interactivity": "4.4.0"
      }
    },
    "node_modules/@tsparticles/interaction-external-destroy": {
      "version": "4.4.0",
      "resolved": "https://registry.npmjs.org/@tsparticles/interaction-external-destroy/-/interaction-external-destroy-4.4.0.tgz",
      "integrity": "sha512-WqTYJnn0FaF5fF91C49KWlLgmyfgW4a1jMd7FXvBAnrY6XYu4UIOZXNi8R3MUvdYMG1ghQGNOkH+JcD63Dvysw==",
      "license": "MIT",
      "peerDependencies": {
        "@tsparticles/engine": "4.4.0",
        "@tsparticles/plugin-interactivity": "4.4.0"
      }
    },
    "node_modules/@tsparticles/interaction-external-drag": {
      "version": "4.4.0",
      "resolved": "https://registry.npmjs.org/@tsparticles/interaction-external-drag/-/interaction-external-drag-4.4.0.tgz",
      "integrity": "sha512-LoPEs1ZZNIwf+6pLJG56ZdtGC1+uA6usDMZz5BWMJ4uVNZ25P5dKWe/ERrUXK6Jb3qfCl3Dy0gKJOir36Ths0Q==",
      "license": "MIT",
      "peerDependencies": {
        "@tsparticles/engine": "4.4.0",
        "@tsparticles/plugin-interactivity": "4.4.0"
      }
    },
    "node_modules/@tsparticles/interaction-external-grab": {
      "version": "4.4.0",
      "resolved": "https://registry.npmjs.org/@tsparticles/interaction-external-grab/-/interaction-external-grab-4.4.0.tgz",
      "integrity": "sha512-rdXhGkBwZKJh2ixK0Wz8Qc+m2SRk3RdYiAWs/PzDurRV9ZpRcGvqkV5G+jw/QrrYWywnNrUYedaKXtiAPnnsWA==",
      "license": "MIT",
      "dependencies": {
        "@tsparticles/canvas-utils": "4.4.0"
      },
      "peerDependencies": {
        "@tsparticles/engine": "4.4.0",
        "@tsparticles/plugin-interactivity": "4.4.0"
      }
    },
    "node_modules/@tsparticles/interaction-external-parallax": {
      "version": "4.4.0",
      "resolved": "https://registry.npmjs.org/@tsparticles/interaction-external-parallax/-/interaction-external-parallax-4.4.0.tgz",
      "integrity": "sha512-PyzWmSqS/zUP/caDyeh7wsW0/6E2pejdawer7ocWY3whEvWhgp/cjev78HxEc+dbgCET6Viu2CLSYsV97dZPHA==",
      "license": "MIT",
      "peerDependencies": {
        "@tsparticles/engine": "4.4.0",
        "@tsparticles/plugin-interactivity": "4.4.0"
      }
    },
    "node_modules/@tsparticles/interaction-external-pause": {
      "version": "4.4.0",
      "resolved": "https://registry.npmjs.org/@tsparticles/interaction-external-pause/-/interaction-external-pause-4.4.0.tgz",
      "integrity": "sha512-qf2CWg3Cx01lW9/0cPAQxp4ozD4o5OY8O7BHwvyaIa+2T0/H/OuKDO+6EscMgQeYnicJVFfYGDr8kbvd27iuIA==",
      "license": "MIT",
      "peerDependencies": {
        "@tsparticles/engine": "4.4.0",
        "@tsparticles/plugin-interactivity": "4.4.0"
      }
    },
    "node_modules/@tsparticles/interaction-external-push": {
      "version": "4.4.0",
      "resolved": "https://registry.npmjs.org/@tsparticles/interaction-external-push/-/interaction-external-push-4.4.0.tgz",
      "integrity": "sha512-rAojSBoF9BzMT2rXsKd01bHPZZmUxp3kZUvNmKdD0GX6TYpxqkeAd6KCc9ixB1TJzKa/sRwZ0lfXOusP89/uew==",
      "license": "MIT",
      "peerDependencies": {
        "@tsparticles/engine": "4.4.0",
        "@tsparticles/plugin-interactivity": "4.4.0"
      }
    },
    "node_modules/@tsparticles/interaction-external-remove": {
      "version": "4.4.0",
      "resolved": "https://registry.npmjs.org/@tsparticles/interaction-external-remove/-/interaction-external-remove-4.4.0.tgz",
      "integrity": "sha512-T/SyaR+aJO90z7uhTv/R1Vpr7MBJnmUKEtKhNoEqw0/xWhBJP5pcWITMj7UpWawjtgtQYimGsvM9nZlDCKScNg==",
      "license": "MIT",
      "peerDependencies": {
        "@tsparticles/engine": "4.4.0",
        "@tsparticles/plugin-interactivity": "4.4.0"
      }
    },
    "node_modules/@tsparticles/interaction-external-repulse": {
      "version": "4.4.0",
      "resolved": "https://registry.npmjs.org/@tsparticles/interaction-external-repulse/-/interaction-external-repulse-4.4.0.tgz",
      "integrity": "sha512-piyeYU42XGXssuNcuB/3FQsS8HgpiH8MdchfYe9wYoYY6+n4OKPK0P6chB1aVZS6cZz4vmk3ROPrDbXrbdM/Rw==",
      "license": "MIT",
      "peerDependencies": {
        "@tsparticles/engine": "4.4.0",
        "@tsparticles/plugin-interactivity": "4.4.0"
      }
    },
    "node_modules/@tsparticles/interaction-external-slow": {
      "version": "4.4.0",
      "resolved": "https://registry.npmjs.org/@tsparticles/interaction-external-slow/-/interaction-external-slow-4.4.0.tgz",
      "integrity": "sha512-In5s4Ys7lf8/IsDta+M7zpEYWkbfvaUsjnJm4zxuCVjr/mixE7J3QCevkXWdeiv1aP/6TpTicD7SDtlQR1IMjw==",
      "license": "MIT",
      "peerDependencies": {
        "@tsparticles/engine": "4.4.0",
        "@tsparticles/plugin-interactivity": "4.4.0"
      }
    },
    "node_modules/@tsparticles/interaction-external-trail": {
      "version": "4.4.0",
      "resolved": "https://registry.npmjs.org/@tsparticles/interaction-external-trail/-/interaction-external-trail-4.4.0.tgz",
      "integrity": "sha512-+wgXWTHaOVqyvVhOrpajLPy1R8KYQVmLcCDtOnwPJtJetiwNEz1u1Zm1L3Ce7LEzmaoBofZJ7liaHO4uuS0RAA==",
      "license": "MIT",
      "peerDependencies": {
        "@tsparticles/engine": "4.4.0",
        "@tsparticles/plugin-interactivity": "4.4.0"
      }
    },
    "node_modules/@tsparticles/interaction-particles-attract": {
      "version": "4.4.0",
      "resolved": "https://registry.npmjs.org/@tsparticles/interaction-particles-attract/-/interaction-particles-attract-4.4.0.tgz",
      "integrity": "sha512-OPopYrnpPikRxwHk3UwCyNaB6DB2uSbx9wIH9qjz9bbWvPs+oKlB0UCTbkod8Bl0t57WJ0AY8kqFUfaPDWGISA==",
      "license": "MIT",
      "peerDependencies": {
        "@tsparticles/engine": "4.4.0",
        "@tsparticles/plugin-interactivity": "4.4.0"
      }
    },
    "node_modules/@tsparticles/interaction-particles-collisions": {
      "version": "4.4.0",
      "resolved": "https://registry.npmjs.org/@tsparticles/interaction-particles-collisions/-/interaction-particles-collisions-4.4.0.tgz",
      "integrity": "sha512-DLfnAf6lXy/IlsWPZBAXS6/pll5400yPxi6DRyHe0UBnbPVRzCRXAuoGaqhEsrth47BQdoyaqVG7sh38m9Oldg==",
      "license": "MIT",
      "peerDependencies": {
        "@tsparticles/engine": "4.4.0",
        "@tsparticles/plugin-interactivity": "4.4.0"
      }
    },
    "node_modules/@tsparticles/interaction-particles-links": {
      "version": "4.4.0",
      "resolved": "https://registry.npmjs.org/@tsparticles/interaction-particles-links/-/interaction-particles-links-4.4.0.tgz",
      "integrity": "sha512-n2OkzB8BjQkzFrtiVq8O42/Tf+/Psng+K71MhJDI+czkwLo3PdmG51MCsy2w9ywCvGwWci2nwxMQ1qZL7nPONg==",
      "license": "MIT",
      "dependencies": {
        "@tsparticles/canvas-utils": "4.4.0"
      },
      "peerDependencies": {
        "@tsparticles/engine": "4.4.0",
        "@tsparticles/plugin-interactivity": "4.4.0"
      }
    },
    "node_modules/@tsparticles/plugin-absorbers": {
      "version": "4.4.0",
      "resolved": "https://registry.npmjs.org/@tsparticles/plugin-absorbers/-/plugin-absorbers-4.4.0.tgz",
      "integrity": "sha512-kV1l+ZdXTmjMlnRo+4EONpjxJD5mMkSZMYxlh9sNH+FoV8ZhVI7hcEmFMGcoJDmUEz0glmYDJFppteuwfNvuoQ==",
      "license": "MIT",
      "peerDependencies": {
        "@tsparticles/engine": "4.4.0",
        "@tsparticles/plugin-interactivity": "4.4.0"
      },
      "peerDependenciesMeta": {
        "@tsparticles/plugin-interactivity": {
          "optional": true
        }
      }
    },
    "node_modules/@tsparticles/plugin-blend": {
      "version": "4.4.0",
      "resolved": "https://registry.npmjs.org/@tsparticles/plugin-blend/-/plugin-blend-4.4.0.tgz",
      "integrity": "sha512-X/SG2WIasgHqA+fLZFu6MMv3z5VY5uX4VIfKjXz1qxZjEjn0w4kzZrbtZBxXxRKdrm8Dg8Qu2mmBokNZ8Bny3g==",
      "license": "MIT",
      "peerDependencies": {
        "@tsparticles/engine": "4.4.0"
      }
    },
    "node_modules/@tsparticles/plugin-easing-quad": {
      "version": "4.4.0",
      "resolved": "https://registry.npmjs.org/@tsparticles/plugin-easing-quad/-/plugin-easing-quad-4.4.0.tgz",
      "integrity": "sha512-kdKuM4gKd3Y8x1WfbWgs72EhezBZ8HU0dsvECFsfVMuWa0/gB960BRz+XlyjVOIDBw8dIvx7EUoVgXsRg2WAOA==",
      "funding": [
        {
          "type": "github",
          "url": "https://github.com/sponsors/matteobruni"
        },
        {
          "type": "github",
          "url": "https://github.com/sponsors/tsparticles"
        },
        {
          "type": "buymeacoffee",
          "url": "https://www.buymeacoffee.com/matteobruni"
        }
      ],
      "license": "MIT",
      "peerDependencies": {
        "@tsparticles/engine": "4.4.0"
      }
    },
    "node_modules/@tsparticles/plugin-emitters": {
      "version": "4.4.0",
      "resolved": "https://registry.npmjs.org/@tsparticles/plugin-emitters/-/plugin-emitters-4.4.0.tgz",
      "integrity": "sha512-R1zuvQ00s0BRlmQ5W5WUg+w9j5q9HNJk0KQf61+H397wcLeUj4c+qafdW6XhXJxqBEBCbRnhygGIHgP7VSPUeA==",
      "license": "MIT",
      "peerDependencies": {
        "@tsparticles/engine": "4.4.0",
        "@tsparticles/plugin-interactivity": "4.4.0"
      },
      "peerDependenciesMeta": {
        "@tsparticles/plugin-interactivity": {
          "optional": true
        }
      }
    },
    "node_modules/@tsparticles/plugin-emitters-shape-circle": {
      "version": "4.4.0",
      "resolved": "https://registry.npmjs.org/@tsparticles/plugin-emitters-shape-circle/-/plugin-emitters-shape-circle-4.4.0.tgz",
      "integrity": "sha512-HG+tGtX7f3sJuD/lmQoB00aTM5i8qYhty8Z2gMGZki9D3+6ZTgCtUK9sQpCIBRuIta6Buy7BtLNBIk584Z75cA==",
      "funding": [
        {
          "type": "github",
          "url": "https://github.com/sponsors/matteobruni"
        },
        {
          "type": "github",
          "url": "https://github.com/sponsors/tsparticles"
        },
        {
          "type": "buymeacoffee",
          "url": "https://www.buymeacoffee.com/matteobruni"
        }
      ],
      "license": "MIT",
      "peerDependencies": {
        "@tsparticles/engine": "4.4.0",
        "@tsparticles/plugin-emitters": "4.4.0"
      }
    },
    "node_modules/@tsparticles/plugin-emitters-shape-square": {
      "version": "4.4.0",
      "resolved": "https://registry.npmjs.org/@tsparticles/plugin-emitters-shape-square/-/plugin-emitters-shape-square-4.4.0.tgz",
      "integrity": "sha512-9T8J2IySf3drKGLsUVAH8a75aIh10iGiVIX0SyCjwiumb8J6Ma5OOxM32njOeRiNUjOcYTh5kjw1W4eHiw2KPw==",
      "funding": [
        {
          "type": "github",
          "url": "https://github.com/sponsors/matteobruni"
        },
        {
          "type": "github",
          "url": "https://github.com/sponsors/tsparticles"
        },
        {
          "type": "buymeacoffee",
          "url": "https://www.buymeacoffee.com/matteobruni"
        }
      ],
      "license": "MIT",
      "peerDependencies": {
        "@tsparticles/engine": "4.4.0",
        "@tsparticles/plugin-emitters": "4.4.0"
      }
    },
    "node_modules/@tsparticles/plugin-hex-color": {
      "version": "4.4.0",
      "resolved": "https://registry.npmjs.org/@tsparticles/plugin-hex-color/-/plugin-hex-color-4.4.0.tgz",
      "integrity": "sha512-sbRW6fi/YOS/hvFi6GCQiKI2zMCrmydrhlzqWyw2UUyg4Rr3FviQbIC2VRZrMc30Cm6kSkR3SovXIFDpZzO94Q==",
      "funding": [
        {
          "type": "github",
          "url": "https://github.com/sponsors/matteobruni"
        },
        {
          "type": "github",
          "url": "https://github.com/sponsors/tsparticles"
        },
        {
          "type": "buymeacoffee",
          "url": "https://www.buymeacoffee.com/matteobruni"
        }
      ],
      "license": "MIT",
      "peerDependencies": {
        "@tsparticles/engine": "4.4.0"
      }
    },
    "node_modules/@tsparticles/plugin-hsl-color": {
      "version": "4.4.0",
      "resolved": "https://registry.npmjs.org/@tsparticles/plugin-hsl-color/-/plugin-hsl-color-4.4.0.tgz",
      "integrity": "sha512-nw/7cGoU99y8veeYD7yA7ygNyrGr461V9xx+ed+jrj0LyXQbLF3d/r78ovMseoHxm4SWa9pmtoQxS3fBHIgecw==",
      "funding": [
        {
          "type": "github",
          "url": "https://github.com/sponsors/matteobruni"
        },
        {
          "type": "github",
          "url": "https://github.com/sponsors/tsparticles"
        },
        {
          "type": "buymeacoffee",
          "url": "https://www.buymeacoffee.com/matteobruni"
        }
      ],
      "license": "MIT",
      "peerDependencies": {
        "@tsparticles/engine": "4.4.0"
      }
    },
    "node_modules/@tsparticles/plugin-interactivity": {
      "version": "4.4.0",
      "resolved": "https://registry.npmjs.org/@tsparticles/plugin-interactivity/-/plugin-interactivity-4.4.0.tgz",
      "integrity": "sha512-jquoxlT4ra1Mc4glVlIfPubmchyIq5IZ25RdnvAop1uuc+6tu4N1zq5SSeyRO8MhJ94xevsNe6ozjmqvZ9CzKA==",
      "license": "MIT",
      "peerDependencies": {
        "@tsparticles/engine": "4.4.0"
      }
    },
    "node_modules/@tsparticles/plugin-move": {
      "version": "4.4.0",
      "resolved": "https://registry.npmjs.org/@tsparticles/plugin-move/-/plugin-move-4.4.0.tgz",
      "integrity": "sha512-o05YP6bWxljbxmsQoqbay8sn4GtHIiTQZhZmcIyxJw/q+oSCNKHWALElSAqa1H7Dp/7ltnmd4rH4pgbQtHnfEw==",
      "license": "MIT",
      "peerDependencies": {
        "@tsparticles/engine": "4.4.0"
      }
    },
    "node_modules/@tsparticles/plugin-rgb-color": {
      "version": "4.4.0",
      "resolved": "https://registry.npmjs.org/@tsparticles/plugin-rgb-color/-/plugin-rgb-color-4.4.0.tgz",
      "integrity": "sha512-s7YlsrcjndVLiOgKNPQaPcEQmmZeZqHec0lpSbt8BgR2pQmjFvCMSzHDA/aaqZ6JX8iVqvj+bT8uqT5XQDq70Q==",
      "funding": [
        {
          "type": "github",
          "url": "https://github.com/sponsors/matteobruni"
        },
        {
          "type": "github",
          "url": "https://github.com/sponsors/tsparticles"
        },
        {
          "type": "buymeacoffee",
          "url": "https://www.buymeacoffee.com/matteobruni"
        }
      ],
      "license": "MIT",
      "peerDependencies": {
        "@tsparticles/engine": "4.4.0"
      }
    },
    "node_modules/@tsparticles/shape-circle": {
      "version": "4.4.0",
      "resolved": "https://registry.npmjs.org/@tsparticles/shape-circle/-/shape-circle-4.4.0.tgz",
      "integrity": "sha512-pCdCenLohHwaeeuMCw9bh1icGB+CKwBYx67L5dTBw6aig7LRvL+Kd1PKClJTgXkx8Mb1Xb7KLNmSYgh/ABRtEQ==",
      "license": "MIT",
      "peerDependencies": {
        "@tsparticles/engine": "4.4.0"
      }
    },
    "node_modules/@tsparticles/shape-emoji": {
      "version": "4.4.0",
      "resolved": "https://registry.npmjs.org/@tsparticles/shape-emoji/-/shape-emoji-4.4.0.tgz",
      "integrity": "sha512-MCsIy+NPx9icd50AfZxUEmJeMWer3BPBpk23RVhns8/9EPhKGZx/rK6KvBiEX84uUq4vma2kzAB795IV7Ry7Pg==",
      "license": "MIT",
      "dependencies": {
        "@tsparticles/canvas-utils": "4.4.0"
      },
      "peerDependencies": {
        "@tsparticles/engine": "4.4.0"
      }
    },
    "node_modules/@tsparticles/shape-image": {
      "version": "4.4.0",
      "resolved": "https://registry.npmjs.org/@tsparticles/shape-image/-/shape-image-4.4.0.tgz",
      "integrity": "sha512-wCco8PILtywD4KdtlGF4BfSwdqkkd/WS8CfJMd+wmyLUYVxpUSz9HW8aYzzLFTWZZ0WAmiyMmqBIm9AsADzNSA==",
      "license": "MIT",
      "peerDependencies": {
        "@tsparticles/engine": "4.4.0"
      }
    },
    "node_modules/@tsparticles/shape-line": {
      "version": "4.4.0",
      "resolved": "https://registry.npmjs.org/@tsparticles/shape-line/-/shape-line-4.4.0.tgz",
      "integrity": "sha512-SNyfzkXEXCzh0I4wJSTwFhoZl+V3roh1mVpY3H+LiPtjNlZ9Uyi//PvbQbyuhjbm1+lxu4MXD/CehY3AKzVi2g==",
      "license": "MIT",
      "peerDependencies": {
        "@tsparticles/engine": "4.4.0"
      }
    },
    "node_modules/@tsparticles/shape-polygon": {
      "version": "4.4.0",
      "resolved": "https://registry.npmjs.org/@tsparticles/shape-polygon/-/shape-polygon-4.4.0.tgz",
      "integrity": "sha512-LtDTVQpuPECRoLoLNpvVBAukkBUDvV27mefnuXRgNkUSLBtlMezeFkDJfGthUVKV0erBKuizjxHuo0HO9KygKw==",
      "license": "MIT",
      "peerDependencies": {
        "@tsparticles/engine": "4.4.0"
      }
    },
    "node_modules/@tsparticles/shape-square": {
      "version": "4.4.0",
      "resolved": "https://registry.npmjs.org/@tsparticles/shape-square/-/shape-square-4.4.0.tgz",
      "integrity": "sha512-xSfgTUAgKLq0rgRGgP5ExftRyXOcp1/es8W4e69YH/JCvUgmY5BXlGeRZtXb4e4W055xSJIgkESuUrv6Ig7B+w==",
      "license": "MIT",
      "peerDependencies": {
        "@tsparticles/engine": "4.4.0"
      }
    },
    "node_modules/@tsparticles/shape-star": {
      "version": "4.4.0",
      "resolved": "https://registry.npmjs.org/@tsparticles/shape-star/-/shape-star-4.4.0.tgz",
      "integrity": "sha512-SEnzKTkXXYPwAGtZ8dr+gUkyzs05Y9ZIW/ZSZ94mhAPxPTNo6i+uXc/2PQ4EoXbFw7GwWR8SSzXCeLyuqmxUjA==",
      "license": "MIT",
      "peerDependencies": {
        "@tsparticles/engine": "4.4.0"
      }
    },
    "node_modules/@tsparticles/shape-text": {
      "version": "4.4.0",
      "resolved": "https://registry.npmjs.org/@tsparticles/shape-text/-/shape-text-4.4.0.tgz",
      "integrity": "sha512-DwmsPFDbaNh9fbL3uVRd8FIDgDN6aO8OrROP5rI7kaTghP+iIJoiScdA8IRp9jEq1eQnnSMPlIQRD3F4wiBv3g==",
      "license": "MIT",
      "dependencies": {
        "@tsparticles/canvas-utils": "4.4.0"
      },
      "peerDependencies": {
        "@tsparticles/engine": "4.4.0"
      }
    },
    "node_modules/@tsparticles/slim": {
      "version": "4.4.0",
      "resolved": "https://registry.npmjs.org/@tsparticles/slim/-/slim-4.4.0.tgz",
      "integrity": "sha512-/QhPVl11RYTGF9QL2yBLAaoMMSuJSwbp1NqzBsLf4RXqAWsCDs21rg/FvNYS36znBv8ZbU1XG3nbZIEVOMqSHA==",
      "funding": [
        {
          "type": "github",
          "url": "https://github.com/sponsors/matteobruni"
        },
        {
          "type": "github",
          "url": "https://github.com/sponsors/tsparticles"
        },
        {
          "type": "buymeacoffee",
          "url": "https://www.buymeacoffee.com/matteobruni"
        }
      ],
      "license": "MIT",
      "dependencies": {
        "@tsparticles/basic": "4.4.0",
        "@tsparticles/engine": "4.4.0",
        "@tsparticles/interaction-external-attract": "4.4.0",
        "@tsparticles/interaction-external-bounce": "4.4.0",
        "@tsparticles/interaction-external-bubble": "4.4.0",
        "@tsparticles/interaction-external-connect": "4.4.0",
        "@tsparticles/interaction-external-destroy": "4.4.0",
        "@tsparticles/interaction-external-grab": "4.4.0",
        "@tsparticles/interaction-external-parallax": "4.4.0",
        "@tsparticles/interaction-external-pause": "4.4.0",
        "@tsparticles/interaction-external-push": "4.4.0",
        "@tsparticles/interaction-external-remove": "4.4.0",
        "@tsparticles/interaction-external-repulse": "4.4.0",
        "@tsparticles/interaction-external-slow": "4.4.0",
        "@tsparticles/interaction-particles-attract": "4.4.0",
        "@tsparticles/interaction-particles-collisions": "4.4.0",
        "@tsparticles/interaction-particles-links": "4.4.0",
        "@tsparticles/plugin-easing-quad": "4.4.0",
        "@tsparticles/plugin-interactivity": "4.4.0",
        "@tsparticles/shape-emoji": "4.4.0",
        "@tsparticles/shape-image": "4.4.0",
        "@tsparticles/shape-line": "4.4.0",
        "@tsparticles/shape-polygon": "4.4.0",
        "@tsparticles/shape-square": "4.4.0",
        "@tsparticles/shape-star": "4.4.0",
        "@tsparticles/updater-life": "4.4.0",
        "@tsparticles/updater-paint": "4.4.0",
        "@tsparticles/updater-rotate": "4.4.0"
      }
    },
    "node_modules/@tsparticles/updater-destroy": {
      "version": "4.4.0",
      "resolved": "https://registry.npmjs.org/@tsparticles/updater-destroy/-/updater-destroy-4.4.0.tgz",
      "integrity": "sha512-P3EaXsbf7ija/fP83/jMnFFJJHQ8/7xVh0pMsut6utBC2LatKPgzdMKc25P3Gj6HomcmXQXX7c7+q3FVHROZdg==",
      "license": "MIT",
      "peerDependencies": {
        "@tsparticles/engine": "4.4.0"
      }
    },
    "node_modules/@tsparticles/updater-life": {
      "version": "4.4.0",
      "resolved": "https://registry.npmjs.org/@tsparticles/updater-life/-/updater-life-4.4.0.tgz",
      "integrity": "sha512-lUYmhnyRSzNbqS3qYkdDITq2u+BNjircYYbIk4wokJcLNfB0U6IGkIS9SBz9+GA18b8EC7+XEA90iFmxdNzo6Q==",
      "license": "MIT",
      "peerDependencies": {
        "@tsparticles/engine": "4.4.0"
      }
    },
    "node_modules/@tsparticles/updater-opacity": {
      "version": "4.4.0",
      "resolved": "https://registry.npmjs.org/@tsparticles/updater-opacity/-/updater-opacity-4.4.0.tgz",
      "integrity": "sha512-StQAExNqeOHANRAMXHdaKKEBD1DrRwBZ3TQF6DPtERtoElj8BvMlPHq38W0TSzfvR0lFP91p2Pzo5txVzVJ3Gg==",
      "license": "MIT",
      "dependencies": {
        "@tsparticles/animation-utils": "4.4.0"
      },
      "peerDependencies": {
        "@tsparticles/engine": "4.4.0"
      }
    },
    "node_modules/@tsparticles/updater-out-modes": {
      "version": "4.4.0",
      "resolved": "https://registry.npmjs.org/@tsparticles/updater-out-modes/-/updater-out-modes-4.4.0.tgz",
      "integrity": "sha512-IzHaYhOVI6mBFqub1ivd/5UMkvn5Pb/j9xS8edT7XeSNYqO3UeomLJci0KE6Xsm+4K/kBLGbCRW5+Tf+kV4E0g==",
      "license": "MIT",
      "peerDependencies": {
        "@tsparticles/engine": "4.4.0"
      }
    },
    "node_modules/@tsparticles/updater-paint": {
      "version": "4.4.0",
      "resolved": "https://registry.npmjs.org/@tsparticles/updater-paint/-/updater-paint-4.4.0.tgz",
      "integrity": "sha512-v7liuaT9BwHsd1hCfJF2d93M2gD3lSfsfIfKjPihAYo73hS43Wq7Cf1F0yjEiR3yXryRGH1QmYYdhonKAvyDKw==",
      "license": "MIT",
      "peerDependencies": {
        "@tsparticles/engine": "4.4.0"
      }
    },
    "node_modules/@tsparticles/updater-roll": {
      "version": "4.4.0",
      "resolved": "https://registry.npmjs.org/@tsparticles/updater-roll/-/updater-roll-4.4.0.tgz",
      "integrity": "sha512-DsAWQ8BdrkdSkwOWb8E3dEKbOGUuoPX8YFhGVmMzJ7BRrZKEpQnLqmvsYTFYfFOX7/qGSs/bs7cMqF3DLWk4ww==",
      "license": "MIT",
      "peerDependencies": {
        "@tsparticles/engine": "4.4.0"
      }
    },
    "node_modules/@tsparticles/updater-rotate": {
      "version": "4.4.0",
      "resolved": "https://registry.npmjs.org/@tsparticles/updater-rotate/-/updater-rotate-4.4.0.tgz",
      "integrity": "sha512-rXUP1X0suDr168F2aXRj4v8TmSUfhaWuHOn2z4UcqOAhPjwPdfySMnwpdxbRS+HL4q9TFkNGBqq9ity6LgkVeA==",
      "license": "MIT",
      "dependencies": {
        "@tsparticles/animation-utils": "4.4.0"
      },
      "peerDependencies": {
        "@tsparticles/engine": "4.4.0"
      }
    },
    "node_modules/@tsparticles/updater-size": {
      "version": "4.4.0",
      "resolved": "https://registry.npmjs.org/@tsparticles/updater-size/-/updater-size-4.4.0.tgz",
      "integrity": "sha512-Qq8QjC0MMjlaHjtpWUROSqe14eKVphq92n0VR4/d4WY+pnSG1U1VJzF43Kyfb4IyV06b29F0TUROIG7Ivqk36g==",
      "license": "MIT",
      "dependencies": {
        "@tsparticles/animation-utils": "4.4.0"
      },
      "peerDependencies": {
        "@tsparticles/engine": "4.4.0"
      }
    },
    "node_modules/@tsparticles/updater-tilt": {
      "version": "4.4.0",
      "resolved": "https://registry.npmjs.org/@tsparticles/updater-tilt/-/updater-tilt-4.4.0.tgz",
      "integrity": "sha512-iRWQbJBhJCsbSKq1XcFuNpuJB94dv/eDHd2XC+jlWvOJZ8n6iQ1DrrClm2Mdrkgj7kRErJmWduraYXCE4M0evg==",
      "license": "MIT",
      "dependencies": {
        "@tsparticles/animation-utils": "4.4.0"
      },
      "peerDependencies": {
        "@tsparticles/engine": "4.4.0"
      }
    },
    "node_modules/@tsparticles/updater-twinkle": {
      "version": "4.4.0",
      "resolved": "https://registry.npmjs.org/@tsparticles/updater-twinkle/-/updater-twinkle-4.4.0.tgz",
      "integrity": "sha512-27PSHc64DDhn15adVLvM5VQZH2iPZGvz3lM7Px2dFmg/jOu7DXxVwFFNWl+OO648brzaq2S69bxfUZOQ+sgOgw==",
      "license": "MIT",
      "peerDependencies": {
        "@tsparticles/engine": "4.4.0"
      }
    },
    "node_modules/@tsparticles/updater-wobble": {
      "version": "4.4.0",
      "resolved": "https://registry.npmjs.org/@tsparticles/updater-wobble/-/updater-wobble-4.4.0.tgz",
      "integrity": "sha512-8sCWQPMSiaTe2s4VH+p00J8NzUOscTZQY4DmHEJDcRuo88JkPOmTIHHofo7W8iE0HYXaXpv0MLUF+/HAR1Fgag==",
      "license": "MIT",
      "peerDependencies": {
        "@tsparticles/engine": "4.4.0"
      }
    },
    "node_modules/canvas-confetti": {
      "version": "1.9.4",
      "resolved": "https://registry.npmjs.org/canvas-confetti/-/canvas-confetti-1.9.4.tgz",
      "integrity": "sha512-yxQbJkAVrFXWNbTUjPqjF7G+g6pDotOUHGbkZq2NELZUMDpiJ85rIEazVb8GTaAptNW2miJAXbs1BtioA251Pw==",
      "license": "ISC",
      "funding": {
        "type": "donate",
        "url": "https://www.paypal.me/kirilvatev"
      }
    },
    "node_modules/gsap": {
      "version": "3.15.0",
      "resolved": "https://registry.npmjs.org/gsap/-/gsap-3.15.0.tgz",
      "integrity": "sha512-dMW4CWBTUK1AEEDeZc1g4xpPGIrSf9fJF960qbTZmN/QwZIWY5wgliS6JWl9/25fpTGJrMRtSjGtOmPnfjZB+A==",
      "license": "Standard 'no charge' license: https://gsap.com/standard-license."
    },
    "node_modules/tsparticles": {
      "version": "4.4.0",
      "resolved": "https://registry.npmjs.org/tsparticles/-/tsparticles-4.4.0.tgz",
      "integrity": "sha512-DluUYYjPuHRX9K5AwHKCKriKWMxX/wX6WvQgXuIzSDQHUVNmCSCrmKLVM0aQfh9P0CCAQq31rPdsmqQZH81QdQ==",
      "funding": [
        {
          "type": "github",
          "url": "https://github.com/sponsors/matteobruni"
        },
        {
          "type": "github",
          "url": "https://github.com/sponsors/tsparticles"
        },
        {
          "type": "buymeacoffee",
          "url": "https://www.buymeacoffee.com/matteobruni"
        }
      ],
      "license": "MIT",
      "dependencies": {
        "@tsparticles/engine": "4.4.0",
        "@tsparticles/interaction-external-drag": "4.4.0",
        "@tsparticles/interaction-external-trail": "4.4.0",
        "@tsparticles/plugin-absorbers": "4.4.0",
        "@tsparticles/plugin-emitters": "4.4.0",
        "@tsparticles/plugin-emitters-shape-circle": "4.4.0",
        "@tsparticles/plugin-emitters-shape-square": "4.4.0",
        "@tsparticles/shape-text": "4.4.0",
        "@tsparticles/slim": "4.4.0",
        "@tsparticles/updater-destroy": "4.4.0",
        "@tsparticles/updater-roll": "4.4.0",
        "@tsparticles/updater-tilt": "4.4.0",
        "@tsparticles/updater-twinkle": "4.4.0",
        "@tsparticles/updater-wobble": "4.4.0"
      }
    },
    "node_modules/tsparticles-engine": {
      "version": "2.12.0",
      "resolved": "https://registry.npmjs.org/tsparticles-engine/-/tsparticles-engine-2.12.0.tgz",
      "integrity": "sha512-ZjDIYex6jBJ4iMc9+z0uPe7SgBnmb6l+EJm83MPIsOny9lPpetMsnw/8YJ3xdxn8hV+S3myTpTN1CkOVmFv0QQ==",
      "deprecated": "starting from tsparticles v3 the packages are now moved to @tsparticles/package-name instead of tsparticles-package-name",
      "funding": [
        {
          "type": "github",
          "url": "https://github.com/sponsors/matteobruni"
        },
        {
          "type": "github",
          "url": "https://github.com/sponsors/tsparticles"
        },
        {
          "type": "buymeacoffee",
          "url": "https://www.buymeacoffee.com/matteobruni"
        }
      ],
      "hasInstallScript": true,
      "license": "MIT"
    }
  }
}
